
Microsoft Visual Studio Solution File, Format Version 12.00
# Visual Studio 15
VisualStudioVersion = 15.0.26730.8
MinimumVisualStudioVersion = 10.0.40219.1
Project("{9092AA53-FB77-4645-B42D-1CCCA6BD08BD}") = "BtcApp", "BtcApp\BtcApp.njsproj", "{49F5843F-FD60-4BC3-A6E7-A72CB5DCA985}"
EndProject
Global
	GlobalSection(SolutionConfigurationPlatforms) = preSolution
		Debug|Any CPU = Debug|Any CPU
		Release|Any CPU = Release|Any CPU
	EndGlobalSection
	GlobalSection(ProjectConfigurationPlatforms) = postSolution
		{49F5843F-FD60-4BC3-A6E7-A72CB5DCA985}.Debug|Any CPU.ActiveCfg = Debug|Any CPU
		{49F5843F-FD60-4BC3-A6E7-A72CB5DCA985}.Debug|Any CPU.Build.0 = Debug|Any CPU
		{49F5843F-FD60-4BC3-A6E7-A72CB5DCA985}.Release|Any CPU.ActiveCfg = Release|Any CPU
		{49F5843F-FD60-4BC3-A6E7-A72CB5DCA985}.Release|Any CPU.Build.0 = Release|Any CPU
	EndGlobalSection
	GlobalSection(SolutionProperties) = preSolution
		HideSolutionNode = FALSE
	EndGlobalSection
	GlobalSection(ExtensibilityGlobals) = postSolution
		SolutionGuid = {A2F46684-1AE3-4567-9F28-945804C4745B}
	EndGlobalSection
EndGlobal
